
Microsoft Visual Studio Solution File, Format Version 12.00
# Visual Studio Version 17
VisualStudioVersion = 17.0.31912.275
MinimumVisualStudioVersion = 10.0.40219.1
Project("{FAE04EC0-301F-11D3-BF4B-00C04F79EFBC}") = "password_store.Android", "password_store.Android\password_store.Android.csproj", "{86355FC9-BB0B-4724-9346-4BE20B52CAA9}"
EndProject
Project("{FAE04EC0-301F-11D3-BF4B-00C04F79EFBC}") = "password_store.iOS", "password_store.iOS\password_store.iOS.csproj", "{BB851AE6-EDC9-4997-86DA-5D96872A4454}"
EndProject
Project("{FAE04EC0-301F-11D3-BF4B-00C04F79EFBC}") = "password_store", "password_store\password_store.csproj", "{FE0A7AF9-ACF9-4366-BD1F-0A03B503ADA9}"
EndProject
Global
	GlobalSection(SolutionConfigurationPlatforms) = preSolution
		Debug|Any CPU = Debug|Any CPU
		Debug|iPhone = Debug|iPhone
		Debug|iPhoneSimulator = Debug|iPhoneSimulator
		Release|Any CPU = Release|Any CPU
		Release|iPhone = Release|iPhone
		Release|iPhoneSimulator = Release|iPhoneSimulator
	EndGlobalSection
	GlobalSection(ProjectConfigurationPlatforms) = postSolution
		{86355FC9-BB0B-4724-9346-4BE20B52CAA9}.Debug|Any CPU.ActiveCfg = Debug|Any CPU
		{86355FC9-BB0B-4724-9346-4BE20B52CAA9}.Debug|Any CPU.Build.0 = Debug|Any CPU
		{86355FC9-BB0B-4724-9346-4BE20B52CAA9}.Debug|Any CPU.Deploy.0 = Debug|Any CPU
		{86355FC9-BB0B-4724-9346-4BE20B52CAA9}.Debug|iPhone.ActiveCfg = Debug|Any CPU
		{86355FC9-BB0B-4724-9346-4BE20B52CAA9}.Debug|iPhone.Build.0 = Debug|Any CPU
		{86355FC9-BB0B-4724-9346-4BE20B52CAA9}.Debug|iPhone.Deploy.0 = Debug|Any CPU
		{86355FC9-BB0B-4724-9346-4BE20B52CAA9}.Debug|iPhoneSimulator.ActiveCfg = Debug|Any CPU
		{86355FC9-BB0B-4724-9346-4BE20B52CAA9}.Debug|iPhoneSimulator.Build.0 = Debug|Any CPU
		{86355FC9-BB0B-4724-9346-4BE20B52CAA9}.Debug|iPhoneSimulator.Deploy.0 = Debug|Any CPU
		{86355FC9-BB0B-4724-9346-4BE20B52CAA9}.Release|Any CPU.ActiveCfg = Release|Any CPU
		{86355FC9-BB0B-4724-9346-4BE20B52CAA9}.Release|Any CPU.Build.0 = Release|Any CPU
		{86355FC9-BB0B-4724-9346-4BE20B52CAA9}.Release|Any CPU.Deploy.0 = Release|Any CPU
		{86355FC9-BB0B-4724-9346-4BE20B52CAA9}.Release|iPhone.ActiveCfg = Release|Any CPU
		{86355FC9-BB0B-4724-9346-4BE20B52CAA9}.Release|iPhone.Build.0 = Release|Any CPU
		{86355FC9-BB0B-4724-9346-4BE20B52CAA9}.Release|iPhone.Deploy.0 = Release|Any CPU
		{86355FC9-BB0B-4724-9346-4BE20B52CAA9}.Release|iPhoneSimulator.ActiveCfg = Release|Any CPU
		{86355FC9-BB0B-4724-9346-4BE20B52CAA9}.Release|iPhoneSimulator.Build.0 = Release|Any CPU
		{86355FC9-BB0B-4724-9346-4BE20B52CAA9}.Release|iPhoneSimulator.Deploy.0 = Release|Any CPU
		{BB851AE6-EDC9-4997-86DA-5D96872A4454}.Debug|Any CPU.ActiveCfg = Debug|iPhone
		{BB851AE6-EDC9-4997-86DA-5D96872A4454}.Debug|Any CPU.Build.0 = Debug|iPhone
		{BB851AE6-EDC9-4997-86DA-5D96872A4454}.Debug|Any CPU.Deploy.0 = Debug|iPhone
		{BB851AE6-EDC9-4997-86DA-5D96872A4454}.Debug|iPhone.ActiveCfg = Debug|iPhone
		{BB851AE6-EDC9-4997-86DA-5D96872A4454}.Debug|iPhone.Build.0 = Debug|iPhone
		{BB851AE6-EDC9-4997-86DA-5D96872A4454}.Debug|iPhone.Deploy.0 = Debug|iPhone
		{BB851AE6-EDC9-4997-86DA-5D96872A4454}.Debug|iPhoneSimulator.ActiveCfg = Debug|iPhoneSimulator
		{BB851AE6-EDC9-4997-86DA-5D96872A4454}.Debug|iPhoneSimulator.Build.0 = Debug|iPhoneSimulator
		{BB851AE6-EDC9-4997-86DA-5D96872A4454}.Debug|iPhoneSimulator.Deploy.0 = Debug|iPhoneSimulator
		{BB851AE6-EDC9-4997-86DA-5D96872A4454}.Release|Any CPU.ActiveCfg = Release|iPhoneSimulator
		{BB851AE6-EDC9-4997-86DA-5D96872A4454}.Release|Any CPU.Build.0 = Release|iPhoneSimulator
		{BB851AE6-EDC9-4997-86DA-5D96872A4454}.Release|Any CPU.Deploy.0 = Release|iPhoneSimulator
		{BB851AE6-EDC9-4997-86DA-5D96872A4454}.Release|iPhone.ActiveCfg = Release|iPhone
		{BB851AE6-EDC9-4997-86DA-5D96872A4454}.Release|iPhone.Build.0 = Release|iPhone
		{BB851AE6-EDC9-4997-86DA-5D96872A4454}.Release|iPhone.Deploy.0 = Release|iPhone
		{BB851AE6-EDC9-4997-86DA-5D96872A4454}.Release|iPhoneSimulator.ActiveCfg = Release|iPhoneSimulator
		{BB851AE6-EDC9-4997-86DA-5D96872A4454}.Release|iPhoneSimulator.Build.0 = Release|iPhoneSimulator
		{BB851AE6-EDC9-4997-86DA-5D96872A4454}.Release|iPhoneSimulator.Deploy.0 = Release|iPhoneSimulator
		{FE0A7AF9-ACF9-4366-BD1F-0A03B503ADA9}.Debug|Any CPU.ActiveCfg = Debug|Any CPU
		{FE0A7AF9-ACF9-4366-BD1F-0A03B503ADA9}.Debug|Any CPU.Build.0 = Debug|Any CPU
		{FE0A7AF9-ACF9-4366-BD1F-0A03B503ADA9}.Debug|Any CPU.Deploy.0 = Debug|Any CPU
		{FE0A7AF9-ACF9-4366-BD1F-0A03B503ADA9}.Debug|iPhone.ActiveCfg = Debug|Any CPU
		{FE0A7AF9-ACF9-4366-BD1F-0A03B503ADA9}.Debug|iPhone.Build.0 = Debug|Any CPU
		{FE0A7AF9-ACF9-4366-BD1F-0A03B503ADA9}.Debug|iPhone.Deploy.0 = Debug|Any CPU
		{FE0A7AF9-ACF9-4366-BD1F-0A03B503ADA9}.Debug|iPhoneSimulator.ActiveCfg = Debug|Any CPU
		{FE0A7AF9-ACF9-4366-BD1F-0A03B503ADA9}.Debug|iPhoneSimulator.Build.0 = Debug|Any CPU
		{FE0A7AF9-ACF9-4366-BD1F-0A03B503ADA9}.Debug|iPhoneSimulator.Deploy.0 = Debug|Any CPU
		{FE0A7AF9-ACF9-4366-BD1F-0A03B503ADA9}.Release|Any CPU.ActiveCfg = Release|Any CPU
		{FE0A7AF9-ACF9-4366-BD1F-0A03B503ADA9}.Release|Any CPU.Build.0 = Release|Any CPU
		{FE0A7AF9-ACF9-4366-BD1F-0A03B503ADA9}.Release|Any CPU.Deploy.0 = Release|Any CPU
		{FE0A7AF9-ACF9-4366-BD1F-0A03B503ADA9}.Release|iPhone.ActiveCfg = Release|Any CPU
		{FE0A7AF9-ACF9-4366-BD1F-0A03B503ADA9}.Release|iPhone.Build.0 = Release|Any CPU
		{FE0A7AF9-ACF9-4366-BD1F-0A03B503ADA9}.Release|iPhone.Deploy.0 = Release|Any CPU
		{FE0A7AF9-ACF9-4366-BD1F-0A03B503ADA9}.Release|iPhoneSimulator.ActiveCfg = Release|Any CPU
		{FE0A7AF9-ACF9-4366-BD1F-0A03B503ADA9}.Release|iPhoneSimulator.Build.0 = Release|Any CPU
		{FE0A7AF9-ACF9-4366-BD1F-0A03B503ADA9}.Release|iPhoneSimulator.Deploy.0 = Release|Any CPU
	EndGlobalSection
	GlobalSection(SolutionProperties) = preSolution
		HideSolutionNode = FALSE
	EndGlobalSection
	GlobalSection(ExtensibilityGlobals) = postSolution
		SolutionGuid = {31F77880-C21B-4493-8A22-ADEE86DEF710}
	EndGlobalSection
EndGlobal
